
Microsoft Visual Studio Solution File, Format Version 12.00
# Visual Studio Version 17
VisualStudioVersion = 17.13.35828.75
MinimumVisualStudioVersion = 10.0.40219.1
Project("{FAE04EC0-301F-11D3-BF4B-00C04F79EFBC}") = "AccesoDatosSalon", "AccesoDatosSalon\AccesoDatosSalon.csproj", "{95607E54-E07C-471E-BB70-4F7B9CFFD889}"
EndProject
Project("{FAE04EC0-301F-11D3-BF4B-00C04F79EFBC}") = "ConsoleApp", "ConsoleApp\ConsoleApp.csproj", "{CBC5E054-63EE-4F03-BF2E-4FD2B8F8F4F0}"
EndProject
Project("{FAE04EC0-301F-11D3-BF4B-00C04F79EFBC}") = "WebAPI", "WebAPI\WebAPI.csproj", "{13D88DA7-BC33-4F08-B23A-D4FCBB00F056}"
EndProject
Project("{2150E333-8FDC-42A3-9474-1A3956D46DE8}") = "Elementos de la solución", "Elementos de la solución", "{D107F4C8-89CC-BEA8-D3D7-CA6B7733353D}"
	ProjectSection(SolutionItems) = preProject
		gitignore.txt = gitignore.txt
	EndProjectSection
EndProject
Global
	GlobalSection(SolutionConfigurationPlatforms) = preSolution
		Debug|Any CPU = Debug|Any CPU
		Release|Any CPU = Release|Any CPU
	EndGlobalSection
	GlobalSection(ProjectConfigurationPlatforms) = postSolution
		{95607E54-E07C-471E-BB70-4F7B9CFFD889}.Debug|Any CPU.ActiveCfg = Debug|Any CPU
		{95607E54-E07C-471E-BB70-4F7B9CFFD889}.Debug|Any CPU.Build.0 = Debug|Any CPU
		{95607E54-E07C-471E-BB70-4F7B9CFFD889}.Release|Any CPU.ActiveCfg = Release|Any CPU
		{95607E54-E07C-471E-BB70-4F7B9CFFD889}.Release|Any CPU.Build.0 = Release|Any CPU
		{CBC5E054-63EE-4F03-BF2E-4FD2B8F8F4F0}.Debug|Any CPU.ActiveCfg = Debug|Any CPU
		{CBC5E054-63EE-4F03-BF2E-4FD2B8F8F4F0}.Debug|Any CPU.Build.0 = Debug|Any CPU
		{CBC5E054-63EE-4F03-BF2E-4FD2B8F8F4F0}.Release|Any CPU.ActiveCfg = Release|Any CPU
		{CBC5E054-63EE-4F03-BF2E-4FD2B8F8F4F0}.Release|Any CPU.Build.0 = Release|Any CPU
		{13D88DA7-BC33-4F08-B23A-D4FCBB00F056}.Debug|Any CPU.ActiveCfg = Debug|Any CPU
		{13D88DA7-BC33-4F08-B23A-D4FCBB00F056}.Debug|Any CPU.Build.0 = Debug|Any CPU
		{13D88DA7-BC33-4F08-B23A-D4FCBB00F056}.Release|Any CPU.ActiveCfg = Release|Any CPU
		{13D88DA7-BC33-4F08-B23A-D4FCBB00F056}.Release|Any CPU.Build.0 = Release|Any CPU
	EndGlobalSection
	GlobalSection(SolutionProperties) = preSolution
		HideSolutionNode = FALSE
	EndGlobalSection
	GlobalSection(ExtensibilityGlobals) = postSolution
		SolutionGuid = {7C0DB450-5A6D-4369-9AE5-6B501198A550}
	EndGlobalSection
EndGlobal
